
Microsoft Visual Studio Solution File, Format Version 12.00
# Visual Studio 15
Project("{FAE04EC0-301F-11D3-BF4B-00C04F79EFBC}") = "PolyWing", "Assembly-CSharp.csproj", "{3D6452C3-DFC0-C8A6-8BD3-FED00AD68061}"
EndProject
Project("{FAE04EC0-301F-11D3-BF4B-00C04F79EFBC}") = "PolyWing", "Assembly-CSharp-Editor.csproj", "{E17582D9-A773-23A0-0019-727CC9B1E227}"
EndProject
Global
	GlobalSection(SolutionConfigurationPlatforms) = preSolution
		Debug|Any CPU = Debug|Any CPU
		Release|Any CPU = Release|Any CPU
	EndGlobalSection
	GlobalSection(ProjectConfigurationPlatforms) = postSolution
		{3D6452C3-DFC0-C8A6-8BD3-FED00AD68061}.Debug|Any CPU.ActiveCfg = Debug|Any CPU
		{3D6452C3-DFC0-C8A6-8BD3-FED00AD68061}.Debug|Any CPU.Build.0 = Debug|Any CPU
		{3D6452C3-DFC0-C8A6-8BD3-FED00AD68061}.Release|Any CPU.ActiveCfg = Release|Any CPU
		{3D6452C3-DFC0-C8A6-8BD3-FED00AD68061}.Release|Any CPU.Build.0 = Release|Any CPU
		{E17582D9-A773-23A0-0019-727CC9B1E227}.Debug|Any CPU.ActiveCfg = Debug|Any CPU
		{E17582D9-A773-23A0-0019-727CC9B1E227}.Debug|Any CPU.Build.0 = Debug|Any CPU
		{E17582D9-A773-23A0-0019-727CC9B1E227}.Release|Any CPU.ActiveCfg = Release|Any CPU
		{E17582D9-A773-23A0-0019-727CC9B1E227}.Release|Any CPU.Build.0 = Release|Any CPU
	EndGlobalSection
	GlobalSection(SolutionProperties) = preSolution
		HideSolutionNode = FALSE
	EndGlobalSection
EndGlobal
